github.com/Darckfast/multi_logger v0.0.10 h1:EyiqGsWSDPed4wxBJm8yIF40z0psD0ByBX5oMrdk+rY=
github.com/Darckfast/multi_logger v0.0.10/go.mod h1:9H+w9FNbhUFZQ9WftNJfKe5jrfE1ZZAwlH7sTiPARCk=
github.com/Darckfast/multi_logger v0.0.11 h1:glvlQvW5rm81alV6y+p7ggm/D/x3JYjCZkSRDOvD4bo=
github.com/Darckfast/multi_logger v0.0.11/go.mod h1:9H+w9FNbhUFZQ9WftNJfKe5jrfE1ZZAwlH7sTiPARCk=
github.com/Darckfast/multi_logger v0.0.12 h1:ihUsiriD7UdLxy7dK23ajvMWIoysZ0TADf05VbgmF+Q=
github.com/Darckfast/multi_logger v0.0.12/go.mod h1:9H+w9FNbhUFZQ9WftNJfKe5jrfE1ZZAwlH7sTiPARCk=
github.com/Darckfast/multi_logger v0.0.13 h1:mC/PLx3MSYaMsSZbnpb/D34sKukAzcwISj4WMgiechY=
github.com/Darckfast/multi_logger v0.0.13/go.mod h1:9H+w9FNbhUFZQ9WftNJfKe5jrfE1ZZAwlH7sTiPARCk=
github.com/Darckfast/multi_logger v0.0.15 h1:lnzfDUFbzp4TyN7xdpOMv0Ezc6VVGs5QvvMF+iKT6eA=
github.com/Darckfast/multi_logger v0.0.15/go.mod h1:9H+w9FNbhUFZQ9WftNJfKe5jrfE1ZZAwlH7sTiPARCk=
github.com/Darckfast/multi_logger v0.0.16 h1:zthaSeTY2+rHXdoWR1We85rbInI6Q5q7LJmhUIAR7GI=
github.com/Darckfast/multi_logger v0.0.16/go.mod h1:9H+w9FNbhUFZQ9WftNJfKe5jrfE1ZZAwlH7sTiPARCk=
github.com/davecgh/go-spew v1.1.1 h1:vj9j/u1bqnvCEfJOwUhtlOARqs3+rkHYY13jYWTU97c=
github.com/davecgh/go-spew v1.1.1/go.mod h1:J7Y8YcW2NihsgmVo/mv3lAwl/skON4iLHjSsI+c5H38=
github.com/google/uuid v1.6.0 h1:NIvaJDMOsjHA8n1jAhLSgzrAzy1Hgr+hNrb57e+94F0=
github.com/google/uuid v1.6.0/go.mod h1:TIyPZe4MgqvfeYDBFedMoGGpEw/LqOeaOT+nhxU+yHo=
github.com/pmezard/go-difflib v1.0.0 h1:4DBwDE0NGyQoBHbLQYPwSUPoCMWR5BEzIk/f1lZbAQM=
github.com/pmezard/go-difflib v1.0.0/go.mod h1:iKH77koFhYxTK1pcRnkKkqfTogsbg7gZNVY4sRDYZ/4=
github.com/stretchr/testify v1.10.0 h1:Xv5erBjTwe/5IxqUQTdXv5kgmIvbHo3QQyRwhJsOfJA=
github.com/stretchr/testify v1.10.0/go.mod h1:r2ic/lqez/lEtzL7wO/rwa5dbSLXVDPFyf8C91i36aY=
github.com/syumai/workers v0.27.1-0.20250115121920-68377bb9b2f9 h1:IxYNk0DYI3+Twsa+wtDwWg9x9wwJ6U6JgCHPE4jCGbU=
github.com/syumai/workers v0.27.1-0.20250115121920-68377bb9b2f9/go.mod h1:ZnqmdiHNBrbxOLrZ/HJ5jzHy6af9cmiNZk10R9NrIEA=
gopkg.in/yaml.v3 v3.0.1 h1:fxVm/GzAzEWqLHuvctI91KS9hhNmmWOoWu0XTYJS7CA=
gopkg.in/yaml.v3 v3.0.1/go.mod h1:K4uyk7z7BCEPqu6E+C64Yfv1cQ7kz7rIZviUmN+EgEM=
