github.com/Darckfast/multi_logger v0.0.5 h1:40u341t6XrxhpaYG6DrvmIuaLy/go7a/4fmtiYsrIsI=
github.com/Darckfast/multi_logger v0.0.5/go.mod h1:9H+w9FNbhUFZQ9WftNJfKe5jrfE1ZZAwlH7sTiPARCk=
github.com/google/uuid v1.6.0 h1:NIvaJDMOsjHA8n1jAhLSgzrAzy1Hgr+hNrb57e+94F0=
github.com/google/uuid v1.6.0/go.mod h1:TIyPZe4MgqvfeYDBFedMoGGpEw/LqOeaOT+nhxU+yHo=
